
Microsoft Visual Studio Solution File, Format Version 12.00
# Visual Studio Version 17
VisualStudioVersion = 17.9.34622.214
MinimumVisualStudioVersion = 10.0.40219.1
Project("{FAE04EC0-301F-11D3-BF4B-00C04F79EFBC}") = "CareerHubApp", "CareerHubApp\CareerHubApp.csproj", "{6A304B14-5D04-4F9C-BECF-D8233526CF73}"
EndProject
Global
	GlobalSection(SolutionConfigurationPlatforms) = preSolution
		Debug|Any CPU = Debug|Any CPU
		Release|Any CPU = Release|Any CPU
	EndGlobalSection
	GlobalSection(ProjectConfigurationPlatforms) = postSolution
		{6A304B14-5D04-4F9C-BECF-D8233526CF73}.Debug|Any CPU.ActiveCfg = Debug|Any CPU
		{6A304B14-5D04-4F9C-BECF-D8233526CF73}.Debug|Any CPU.Build.0 = Debug|Any CPU
		{6A304B14-5D04-4F9C-BECF-D8233526CF73}.Release|Any CPU.ActiveCfg = Release|Any CPU
		{6A304B14-5D04-4F9C-BECF-D8233526CF73}.Release|Any CPU.Build.0 = Release|Any CPU
	EndGlobalSection
	GlobalSection(SolutionProperties) = preSolution
		HideSolutionNode = FALSE
	EndGlobalSection
	GlobalSection(ExtensibilityGlobals) = postSolution
		SolutionGuid = {2D5B36C2-0456-4158-B3DA-67898A0BFA8C}
	EndGlobalSection
EndGlobal
